<?xml version="1.0" encoding="UTF-8"?>
<Project ToolsVersion="15.0" xmlns="http://schemas.microsoft.com/developer/msbuild/2003">
  <ItemGroup>
    <ClCompile Include="C:\Users\naoka\Source\Repos\Path-Tracer\src\main.cpp">
      <Filter>Source Files</Filter>
    </ClCompile>
    <ClCompile Include="C:\Users\naoka\Source\Repos\Path-Tracer\src\material.cpp">
      <Filter>Source Files</Filter>
    </ClCompile>
    <ClCompile Include="C:\Users\naoka\Source\Repos\Path-Tracer\src\objects.cpp">
      <Filter>Source Files</Filter>
    </ClCompile>
    <ClCompile Include="C:\Users\naoka\Source\Repos\Path-Tracer\src\kdtree.cpp">
      <Filter>Source Files</Filter>
    </ClCompile>
    <ClCompile Include="C:\Users\naoka\Source\Repos\Path-Tracer\src\texture.cpp">
      <Filter>Source Files</Filter>
    </ClCompile>
    <ClCompile Include="C:\Users\naoka\Source\Repos\Path-Tracer\src\camera.cpp">
      <Filter>Source Files</Filter>
    </ClCompile>
    <ClCompile Include="C:\Users\naoka\Source\Repos\Path-Tracer\src\scene.cpp">
      <Filter>Source Files</Filter>
    </ClCompile>
    <ClCompile Include="C:\Users\naoka\Source\Repos\Path-Tracer\src\renderer.cpp">
      <Filter>Source Files</Filter>
    </ClCompile>
    <ClCompile Include="C:\Users\naoka\Source\Repos\Path-Tracer\src\spectrum.cpp">
      <Filter>Source Files</Filter>
    </ClCompile>
    <ClCompile Include="C:\Users\naoka\Source\Repos\Path-Tracer\src\attenuation.cpp">
      <Filter>Source Files</Filter>
    </ClCompile>
    <ClCompile Include="C:\Users\naoka\Source\Repos\Path-Tracer\lib\rand48\rand48.c">
      <Filter>Source Files</Filter>
    </ClCompile>
    <ClCompile Include="C:\Users\naoka\Source\Repos\Path-Tracer\lib\lodepng\lodepng.cpp">
      <Filter>Source Files</Filter>
    </ClCompile>
    <ClCompile Include="C:\Users\naoka\Source\Repos\Path-Tracer\lib\tiny_obj_loader\tiny_obj_loader.cc">
      <Filter>Source Files</Filter>
    </ClCompile>
  </ItemGroup>
  <ItemGroup>
    <ClInclude Include="C:\Users\naoka\Source\Repos\Path-Tracer\src\aabbox.h">
      <Filter>Header Files</Filter>
    </ClInclude>
    <ClInclude Include="C:\Users\naoka\Source\Repos\Path-Tracer\src\camera.h">
      <Filter>Header Files</Filter>
    </ClInclude>
    <ClInclude Include="C:\Users\naoka\Source\Repos\Path-Tracer\src\kdtree.h">
      <Filter>Header Files</Filter>
    </ClInclude>
    <ClInclude Include="C:\Users\naoka\Source\Repos\Path-Tracer\src\material.h">
      <Filter>Header Files</Filter>
    </ClInclude>
    <ClInclude Include="C:\Users\naoka\Source\Repos\Path-Tracer\src\objects.h">
      <Filter>Header Files</Filter>
    </ClInclude>
    <ClInclude Include="C:\Users\naoka\Source\Repos\Path-Tracer\src\ray.h">
      <Filter>Header Files</Filter>
    </ClInclude>
    <ClInclude Include="C:\Users\naoka\Source\Repos\Path-Tracer\src\renderer.h">
      <Filter>Header Files</Filter>
    </ClInclude>
    <ClInclude Include="C:\Users\naoka\Source\Repos\Path-Tracer\src\scene.h">
      <Filter>Header Files</Filter>
    </ClInclude>
    <ClInclude Include="C:\Users\naoka\Source\Repos\Path-Tracer\src\texture.h">
      <Filter>Header Files</Filter>
    </ClInclude>
    <ClInclude Include="C:\Users\naoka\Source\Repos\Path-Tracer\src\triangle.h">
      <Filter>Header Files</Filter>
    </ClInclude>
    <ClInclude Include="C:\Users\naoka\Source\Repos\Path-Tracer\src\vector.h">
      <Filter>Header Files</Filter>
    </ClInclude>
    <ClInclude Include="C:\Users\naoka\Source\Repos\Path-Tracer\src\spectrum.h">
      <Filter>Header Files</Filter>
    </ClInclude>
    <ClInclude Include="C:\Users\naoka\Source\Repos\Path-Tracer\src\attenuation.h">
      <Filter>Header Files</Filter>
    </ClInclude>
    <ClInclude Include="C:\Users\naoka\Source\Repos\Path-Tracer\src\common.h">
      <Filter>Header Files</Filter>
    </ClInclude>
    <ClInclude Include="C:\Users\naoka\Source\Repos\Path-Tracer\lib\rand48\erand48.h">
      <Filter>Header Files</Filter>
    </ClInclude>
    <ClInclude Include="C:\Users\naoka\Source\Repos\Path-Tracer\lib\lodepng\lodepng.h">
      <Filter>Header Files</Filter>
    </ClInclude>
    <ClInclude Include="C:\Users\naoka\Source\Repos\Path-Tracer\lib\tiny_obj_loader\tiny_obj_loader.h">
      <Filter>Header Files</Filter>
    </ClInclude>
  </ItemGroup>
  <ItemGroup>
    <CustomBuild Include="C:\Users\naoka\Source\Repos\Path-Tracer\CMakeLists.txt" />
  </ItemGroup>
  <ItemGroup>
    <None Include="C:\Users\naoka\Source\Repos\Path-Tracer\resource\Pope_absorp.txt" />
  </ItemGroup>
  <ItemGroup>
    <Filter Include="Source Files">
      <UniqueIdentifier>{0F611EF9-67A8-3ADE-8494-58A0552A1A2F}</UniqueIdentifier>
    </Filter>
    <Filter Include="Header Files">
      <UniqueIdentifier>{0047E76B-5247-3AB3-9F24-E3922AED82FD}</UniqueIdentifier>
    </Filter>
  </ItemGroup>
</Project>
